
Microsoft Visual Studio Solution File, Format Version 12.00
# Visual Studio Version 17
VisualStudioVersion = 17.11.35208.52
MinimumVisualStudioVersion = 10.0.40219.1
Project("{FAE04EC0-301F-11D3-BF4B-00C04F79EFBC}") = "LibraryManagementSystem", "LibraryManagementSystem\LibraryManagementSystem.csproj", "{7AC731F1-4288-4721-9F80-2542E2E897B1}"
EndProject
Global
	GlobalSection(SolutionConfigurationPlatforms) = preSolution
		Debug|Any CPU = Debug|Any CPU
		Release|Any CPU = Release|Any CPU
	EndGlobalSection
	GlobalSection(ProjectConfigurationPlatforms) = postSolution
		{7AC731F1-4288-4721-9F80-2542E2E897B1}.Debug|Any CPU.ActiveCfg = Debug|Any CPU
		{7AC731F1-4288-4721-9F80-2542E2E897B1}.Debug|Any CPU.Build.0 = Debug|Any CPU
		{7AC731F1-4288-4721-9F80-2542E2E897B1}.Release|Any CPU.ActiveCfg = Release|Any CPU
		{7AC731F1-4288-4721-9F80-2542E2E897B1}.Release|Any CPU.Build.0 = Release|Any CPU
	EndGlobalSection
	GlobalSection(SolutionProperties) = preSolution
		HideSolutionNode = FALSE
	EndGlobalSection
	GlobalSection(ExtensibilityGlobals) = postSolution
		SolutionGuid = {8B4BD401-AB17-4C4B-8A32-BCF71C772FC5}
	EndGlobalSection
EndGlobal
